
Microsoft Visual Studio Solution File, Format Version 12.00
# Visual Studio Version 16
VisualStudioVersion = 16.0.29920.165
MinimumVisualStudioVersion = 10.0.40219.1
Project("{9A19103F-16F7-4668-BE54-9A1E7A4F7556}") = "Semestralka2", "Semestralka2\Semestralka2.csproj", "{A46CF125-6A6E-48CD-98D3-C7A1C749E7FD}"
EndProject
Project("{9A19103F-16F7-4668-BE54-9A1E7A4F7556}") = "SemestralkaDataControl", "SemestralkaDataControl\SemestralkaDataControl\SemestralkaDataControl.csproj", "{5DDBCE28-158F-42B4-84EE-E336323A5BCB}"
EndProject
Global
	GlobalSection(SolutionConfigurationPlatforms) = preSolution
		Debug|Any CPU = Debug|Any CPU
		Release|Any CPU = Release|Any CPU
	EndGlobalSection
	GlobalSection(ProjectConfigurationPlatforms) = postSolution
		{A46CF125-6A6E-48CD-98D3-C7A1C749E7FD}.Debug|Any CPU.ActiveCfg = Debug|Any CPU
		{A46CF125-6A6E-48CD-98D3-C7A1C749E7FD}.Debug|Any CPU.Build.0 = Debug|Any CPU
		{A46CF125-6A6E-48CD-98D3-C7A1C749E7FD}.Release|Any CPU.ActiveCfg = Release|Any CPU
		{A46CF125-6A6E-48CD-98D3-C7A1C749E7FD}.Release|Any CPU.Build.0 = Release|Any CPU
		{5DDBCE28-158F-42B4-84EE-E336323A5BCB}.Debug|Any CPU.ActiveCfg = Debug|Any CPU
		{5DDBCE28-158F-42B4-84EE-E336323A5BCB}.Debug|Any CPU.Build.0 = Debug|Any CPU
		{5DDBCE28-158F-42B4-84EE-E336323A5BCB}.Release|Any CPU.ActiveCfg = Release|Any CPU
		{5DDBCE28-158F-42B4-84EE-E336323A5BCB}.Release|Any CPU.Build.0 = Release|Any CPU
	EndGlobalSection
	GlobalSection(SolutionProperties) = preSolution
		HideSolutionNode = FALSE
	EndGlobalSection
	GlobalSection(ExtensibilityGlobals) = postSolution
		SolutionGuid = {EB6A9975-C572-402D-BD0F-B17B91CB117A}
	EndGlobalSection
EndGlobal
